// !$*UTF8*$!
{
	archiveVersion = 1;
	classes = {
	};
	objectVersion = 50;
	objects = {

/* Begin PBXBuildFile section */
		C089694F23F0C0C4009D9FE7 /* AppDelegate.swift in Sources */ = {isa = PBXBuildFile; fileRef = C089694E23F0C0C4009D9FE7 /* AppDelegate.swift */; };
		C089695123F0C0C4009D9FE7 /* SceneDelegate.swift in Sources */ = {isa = PBXBuildFile; fileRef = C089695023F0C0C4009D9FE7 /* SceneDelegate.swift */; };
		C089695323F0C0C4009D9FE7 /* ViewController.swift in Sources */ = {isa = PBXBuildFile; fileRef = C089695223F0C0C4009D9FE7 /* ViewController.swift */; };
		C089695623F0C0C5009D9FE7 /* Main.storyboard in Resources */ = {isa = PBXBuildFile; fileRef = C089695423F0C0C5009D9FE7 /* Main.storyboard */; };
		C089695823F0C2C4009D9FE7 /* Assets.xcassets in Resources */ = {isa = PBXBuildFile; fileRef = C089695723F0C2C4009D9FE7 /* Assets.xcassets */; };
		C089695B23F0C2C5009D9FE7 /* LaunchScreen.storyboard in Resources */ = {isa = PBXBuildFile; fileRef = C089695923F0C2C5009D9FE7 /* LaunchScreen.storyboard */; };
		C089696623F0C2C8009D9FE7 /* SupportProjectTests.swift in Sources */ = {isa = PBXBuildFile; fileRef = C089696523F0C2C8009D9FE7 /* SupportProjectTests.swift */; };
		C089697123F0C2C8009D9FE7 /* SupportProjectUITests.swift in Sources */ = {isa = PBXBuildFile; fileRef = C089697023F0C2C8009D9FE7 /* SupportProjectUITests.swift */; };
		C089698123F0DBCB009D9FE7 /* PopUpWindow.swift in Sources */ = {isa = PBXBuildFile; fileRef = C089698023F0DBCB009D9FE7 /* PopUpWindow.swift */; };
/* End PBXBuildFile section */

/* Begin PBXContainerItemProxy section */
		C089696223F0C2C8009D9FE7 /* PBXContainerItemProxy */ = {
			isa = PBXContainerItemProxy;
			containerPortal = C089694323F0C0BB009D9FE7 /* Project object */;
			proxyType = 1;
			remoteGlobalIDString = C089694A23F0C0C3009D9FE7;
			remoteInfo = SupportProject;
		};
		C089696D23F0C2C8009D9FE7 /* PBXContainerItemProxy */ = {
			isa = PBXContainerItemProxy;
			containerPortal = C089694323F0C0BB009D9FE7 /* Project object */;
			proxyType = 1;
			remoteGlobalIDString = C089694A23F0C0C3009D9FE7;
			remoteInfo = SupportProject;
		};
/* End PBXContainerItemProxy section */

/* Begin PBXFileReference section */
		C089694B23F0C0C3009D9FE7 /* SupportProject.app */ = {isa = PBXFileReference; explicitFileType = wrapper.application; includeInIndex = 0; path = SupportProject.app; sourceTree = BUILT_PRODUCTS_DIR; };
		C089694E23F0C0C4009D9FE7 /* AppDelegate.swift */ = {isa = PBXFileReference; lastKnownFileType = sourcecode.swift; path = AppDelegate.swift; sourceTree = "<group>"; };
		C089695023F0C0C4009D9FE7 /* SceneDelegate.swift */ = {isa = PBXFileReference; lastKnownFileType = sourcecode.swift; path = SceneDelegate.swift; sourceTree = "<group>"; };
		C089695223F0C0C4009D9FE7 /* ViewController.swift */ = {isa = PBXFileReference; lastKnownFileType = sourcecode.swift; path = ViewController.swift; sourceTree = "<group>"; };
		C089695523F0C0C5009D9FE7 /* Base */ = {isa = PBXFileReference; lastKnownFileType = file.storyboard; name = Base; path = Base.lproj/Main.storyboard; sourceTree = "<group>"; };
		C089695723F0C2C4009D9FE7 /* Assets.xcassets */ = {isa = PBXFileReference; lastKnownFileType = folder.assetcatalog; path = Assets.xcassets; sourceTree = "<group>"; };
		C089695A23F0C2C5009D9FE7 /* Base */ = {isa = PBXFileReference; lastKnownFileType = file.storyboard; name = Base; path = Base.lproj/LaunchScreen.storyboard; sourceTree = "<group>"; };
		C089695C23F0C2C5009D9FE7 /* Info.plist */ = {isa = PBXFileReference; lastKnownFileType = text.plist.xml; path = Info.plist; sourceTree = "<group>"; };
		C089696123F0C2C8009D9FE7 /* SupportProjectTests.xctest */ = {isa = PBXFileReference; explicitFileType = wrapper.cfbundle; includeInIndex = 0; path = SupportProjectTests.xctest; sourceTree = BUILT_PRODUCTS_DIR; };
		C089696523F0C2C8009D9FE7 /* SupportProjectTests.swift */ = {isa = PBXFileReference; lastKnownFileType = sourcecode.swift; path = SupportProjectTests.swift; sourceTree = "<group>"; };
		C089696723F0C2C8009D9FE7 /* Info.plist */ = {isa = PBXFileReference; lastKnownFileType = text.plist.xml; path = Info.plist; sourceTree = "<group>"; };
		C089696C23F0C2C8009D9FE7 /* SupportProjectUITests.xctest */ = {isa = PBXFileReference; explicitFileType = wrapper.cfbundle; includeInIndex = 0; path = SupportProjectUITests.xctest; sourceTree = BUILT_PRODUCTS_DIR; };
		C089697023F0C2C8009D9FE7 /* SupportProjectUITests.swift */ = {isa = PBXFileReference; lastKnownFileType = sourcecode.swift; path = SupportProjectUITests.swift; sourceTree = "<group>"; };
		C089697223F0C2C8009D9FE7 /* Info.plist */ = {isa = PBXFileReference; lastKnownFileType = text.plist.xml; path = Info.plist; sourceTree = "<group>"; };
		C089698023F0DBCB009D9FE7 /* PopUpWindow.swift */ = {isa = PBXFileReference; lastKnownFileType = sourcecode.swift; path = PopUpWindow.swift; sourceTree = "<group>"; };
/* End PBXFileReference section */

/* Begin PBXFrameworksBuildPhase section */
		C089694823F0C0C3009D9FE7 /* Frameworks */ = {
			isa = PBXFrameworksBuildPhase;
			buildActionMask = 2147483647;
			files = (
			);
			runOnlyForDeploymentPostprocessing = 0;
		};
		C089695E23F0C2C8009D9FE7 /* Frameworks */ = {
			isa = PBXFrameworksBuildPhase;
			buildActionMask = 2147483647;
			files = (
			);
			runOnlyForDeploymentPostprocessing = 0;
		};
		C089696923F0C2C8009D9FE7 /* Frameworks */ = {
			isa = PBXFrameworksBuildPhase;
			buildActionMask = 2147483647;
			files = (
			);
			runOnlyForDeploymentPostprocessing = 0;
		};
/* End PBXFrameworksBuildPhase section */

/* Begin PBXGroup section */
		C089694223F0C0BB009D9FE7 = {
			isa = PBXGroup;
			children = (
				C089694D23F0C0C3009D9FE7 /* SupportProject */,
				C089696423F0C2C8009D9FE7 /* SupportProjectTests */,
				C089696F23F0C2C8009D9FE7 /* SupportProjectUITests */,
				C089694C23F0C0C3009D9FE7 /* Products */,
			);
			sourceTree = "<group>";
		};
		C089694C23F0C0C3009D9FE7 /* Products */ = {
			isa = PBXGroup;
			children = (
				C089694B23F0C0C3009D9FE7 /* SupportProject.app */,
				C089696123F0C2C8009D9FE7 /* SupportProjectTests.xctest */,
				C089696C23F0C2C8009D9FE7 /* SupportProjectUITests.xctest */,
			);
			name = Products;
			sourceTree = "<group>";
		};
		C089694D23F0C0C3009D9FE7 /* SupportProject */ = {
			isa = PBXGroup;
			children = (
				C089694E23F0C0C4009D9FE7 /* AppDelegate.swift */,
				C089695023F0C0C4009D9FE7 /* SceneDelegate.swift */,
				C089695223F0C0C4009D9FE7 /* ViewController.swift */,
				C089695423F0C0C5009D9FE7 /* Main.storyboard */,
				C089695723F0C2C4009D9FE7 /* Assets.xcassets */,
				C089695923F0C2C5009D9FE7 /* LaunchScreen.storyboard */,
				C089695C23F0C2C5009D9FE7 /* Info.plist */,
				C089698023F0DBCB009D9FE7 /* PopUpWindow.swift */,
			);
			path = SupportProject;
			sourceTree = "<group>";
		};
		C089696423F0C2C8009D9FE7 /* SupportProjectTests */ = {
			isa = PBXGroup;
			children = (
				C089696523F0C2C8009D9FE7 /* SupportProjectTests.swift */,
				C089696723F0C2C8009D9FE7 /* Info.plist */,
			);
			path = SupportProjectTests;
			sourceTree = "<group>";
		};
		C089696F23F0C2C8009D9FE7 /* SupportProjectUITests */ = {
			isa = PBXGroup;
			children = (
				C089697023F0C2C8009D9FE7 /* SupportProjectUITests.swift */,
				C089697223F0C2C8009D9FE7 /* Info.plist */,
			);
			path = SupportProjectUITests;
			sourceTree = "<group>";
		};
/* End PBXGroup section */

/* Begin PBXNativeTarget section */
		C089694A23F0C0C3009D9FE7 /* SupportProject */ = {
			isa = PBXNativeTarget;
			buildConfigurationList = C089697523F0C2C8009D9FE7 /* Build configuration list for PBXNativeTarget "SupportProject" */;
			buildPhases = (
				C089694723F0C0C3009D9FE7 /* Sources */,
				C089694823F0C0C3009D9FE7 /* Frameworks */,
				C089694923F0C0C3009D9FE7 /* Resources */,
			);
			buildRules = (
			);
			dependencies = (
			);
			name = SupportProject;
			productName = SupportProject;
			productReference = C089694B23F0C0C3009D9FE7 /* SupportProject.app */;
			productType = "com.apple.product-type.application";
		};
		C089696023F0C2C8009D9FE7 /* SupportProjectTests */ = {
			isa = PBXNativeTarget;
			buildConfigurationList = C089697823F0C2C8009D9FE7 /* Build configuration list for PBXNativeTarget "SupportProjectTests" */;
			buildPhases = (
				C089695D23F0C2C8009D9FE7 /* Sources */,
				C089695E23F0C2C8009D9FE7 /* Frameworks */,
				C089695F23F0C2C8009D9FE7 /* Resources */,
			);
			buildRules = (
			);
			dependencies = (
				C089696323F0C2C8009D9FE7 /* PBXTargetDependency */,
			);
			name = SupportProjectTests;
			productName = SupportProjectTests;
			productReference = C089696123F0C2C8009D9FE7 /* SupportProjectTests.xctest */;
			productType = "com.apple.product-type.bundle.unit-test";
		};
		C089696B23F0C2C8009D9FE7 /* SupportProjectUITests */ = {
			isa = PBXNativeTarget;
			buildConfigurationList = C089697B23F0C2C8009D9FE7 /* Build configuration list for PBXNativeTarget "SupportProjectUITests" */;
			buildPhases = (
				C089696823F0C2C8009D9FE7 /* Sources */,
				C089696923F0C2C8009D9FE7 /* Frameworks */,
				C089696A23F0C2C8009D9FE7 /* Resources */,
			);
			buildRules = (
			);
			dependencies = (
				C089696E23F0C2C8009D9FE7 /* PBXTargetDependency */,
			);
			name = SupportProjectUITests;
			productName = SupportProjectUITests;
			productReference = C089696C23F0C2C8009D9FE7 /* SupportProjectUITests.xctest */;
			productType = "com.apple.product-type.bundle.ui-testing";
		};
/* End PBXNativeTarget section */

/* Begin PBXProject section */
		C089694323F0C0BB009D9FE7 /* Project object */ = {
			isa = PBXProject;
			attributes = {
				LastSwiftUpdateCheck = 1110;
				LastUpgradeCheck = 1110;
				ORGANIZATIONNAME = "Álvaro Ávalos Hernández";
				TargetAttributes = {
					C089694A23F0C0C3009D9FE7 = {
						CreatedOnToolsVersion = 11.1;
					};
					C089696023F0C2C8009D9FE7 = {
						CreatedOnToolsVersion = 11.1;
						TestTargetID = C089694A23F0C0C3009D9FE7;
					};
					C089696B23F0C2C8009D9FE7 = {
						CreatedOnToolsVersion = 11.1;
						TestTargetID = C089694A23F0C0C3009D9FE7;
					};
				};
			};
			buildConfigurationList = C089694623F0C0BF009D9FE7 /* Build configuration list for PBXProject "SupportProject" */;
			compatibilityVersion = "Xcode 9.3";
			developmentRegion = en;
			hasScannedForEncodings = 0;
			knownRegions = (
				en,
				Base,
			);
			mainGroup = C089694223F0C0BB009D9FE7;
			productRefGroup = C089694C23F0C0C3009D9FE7 /* Products */;
			projectDirPath = "";
			projectRoot = "";
			targets = (
				C089694A23F0C0C3009D9FE7 /* SupportProject */,
				C089696023F0C2C8009D9FE7 /* SupportProjectTests */,
				C089696B23F0C2C8009D9FE7 /* SupportProjectUITests */,
			);
		};
/* End PBXProject section */

/* Begin PBXResourcesBuildPhase section */
		C089694923F0C0C3009D9FE7 /* Resources */ = {
			isa = PBXResourcesBuildPhase;
			buildActionMask = 2147483647;
			files = (
				C089695B23F0C2C5009D9FE7 /* LaunchScreen.storyboard in Resources */,
				C089695823F0C2C4009D9FE7 /* Assets.xcassets in Resources */,
				C089695623F0C0C5009D9FE7 /* Main.storyboard in Resources */,
			);
			runOnlyForDeploymentPostprocessing = 0;
		};
		C089695F23F0C2C8009D9FE7 /* Resources */ = {
			isa = PBXResourcesBuildPhase;
			buildActionMask = 2147483647;
			files = (
			);
			runOnlyForDeploymentPostprocessing = 0;
		};
		C089696A23F0C2C8009D9FE7 /* Resources */ = {
			isa = PBXResourcesBuildPhase;
			buildActionMask = 2147483647;
			files = (
			);
			runOnlyForDeploymentPostprocessing = 0;
		};
/* End PBXResourcesBuildPhase section */

/* Begin PBXSourcesBuildPhase section */
		C089694723F0C0C3009D9FE7 /* Sources */ = {
			isa = PBXSourcesBuildPhase;
			buildActionMask = 2147483647;
			files = (
				C089698123F0DBCB009D9FE7 /* PopUpWindow.swift in Sources */,
				C089695323F0C0C4009D9FE7 /* ViewController.swift in Sources */,
				C089694F23F0C0C4009D9FE7 /* AppDelegate.swift in Sources */,
				C089695123F0C0C4009D9FE7 /* SceneDelegate.swift in Sources */,
			);
			runOnlyForDeploymentPostprocessing = 0;
		};
		C089695D23F0C2C8009D9FE7 /* Sources */ = {
			isa = PBXSourcesBuildPhase;
			buildActionMask = 2147483647;
			files = (
				C089696623F0C2C8009D9FE7 /* SupportProjectTests.swift in Sources */,
			);
			runOnlyForDeploymentPostprocessing = 0;
		};
		C089696823F0C2C8009D9FE7 /* Sources */ = {
			isa = PBXSourcesBuildPhase;
			buildActionMask = 2147483647;
			files = (
				C089697123F0C2C8009D9FE7 /* SupportProjectUITests.swift in Sources */,
			);
			runOnlyForDeploymentPostprocessing = 0;
		};
/* End PBXSourcesBuildPhase section */

/* Begin PBXTargetDependency section */
		C089696323F0C2C8009D9FE7 /* PBXTargetDependency */ = {
			isa = PBXTargetDependency;
			target = C089694A23F0C0C3009D9FE7 /* SupportProject */;
			targetProxy = C089696223F0C2C8009D9FE7 /* PBXContainerItemProxy */;
		};
		C089696E23F0C2C8009D9FE7 /* PBXTargetDependency */ = {
			isa = PBXTargetDependency;
			target = C089694A23F0C0C3009D9FE7 /* SupportProject */;
			targetProxy = C089696D23F0C2C8009D9FE7 /* PBXContainerItemProxy */;
		};
/* End PBXTargetDependency section */

/* Begin PBXVariantGroup section */
		C089695423F0C0C5009D9FE7 /* Main.storyboard */ = {
			isa = PBXVariantGroup;
			children = (
				C089695523F0C0C5009D9FE7 /* Base */,
			);
			name = Main.storyboard;
			sourceTree = "<group>";
		};
		C089695923F0C2C5009D9FE7 /* LaunchScreen.storyboard */ = {
			isa = PBXVariantGroup;
			children = (
				C089695A23F0C2C5009D9FE7 /* Base */,
			);
			name = LaunchScreen.storyboard;
			sourceTree = "<group>";
		};
/* End PBXVariantGroup section */

/* Begin XCBuildConfiguration section */
		C089697323F0C2C8009D9FE7 /* Debug */ = {
			isa = XCBuildConfiguration;
			buildSettings = {
				ALWAYS_SEARCH_USER_PATHS = NO;
				CLANG_ANALYZER_NONNULL = YES;
				CLANG_ANALYZER_NUMBER_OBJECT_CONVERSION = YES_AGGRESSIVE;
				CLANG_CXX_LANGUAGE_STANDARD = "gnu++14";
				CLANG_CXX_LIBRARY = "libc++";
				CLANG_ENABLE_MODULES = YES;
				CLANG_ENABLE_OBJC_ARC = YES;
				CLANG_ENABLE_OBJC_WEAK = YES;
				CLANG_WARN_BLOCK_CAPTURE_AUTORELEASING = YES;
				CLANG_WARN_BOOL_CONVERSION = YES;
				CLANG_WARN_COMMA = YES;
				CLANG_WARN_CONSTANT_CONVERSION = YES;
				CLANG_WARN_DEPRECATED_OBJC_IMPLEMENTATIONS = YES;
				CLANG_WARN_DIRECT_OBJC_ISA_USAGE = YES_ERROR;
				CLANG_WARN_DOCUMENTATION_COMMENTS = YES;
				CLANG_WARN_EMPTY_BODY = YES;
				CLANG_WARN_ENUM_CONVERSION = YES;
				CLANG_WARN_INFINITE_RECURSION = YES;
				CLANG_WARN_INT_CONVERSION = YES;
				CLANG_WARN_NON_LITERAL_NULL_CONVERSION = YES;
				CLANG_WARN_OBJC_IMPLICIT_RETAIN_SELF = YES;
				CLANG_WARN_OBJC_LITERAL_CONVERSION = YES;
				CLANG_WARN_OBJC_ROOT_CLASS = YES_ERROR;
				CLANG_WARN_RANGE_LOOP_ANALYSIS = YES;
				CLANG_WARN_STRICT_PROTOTYPES = YES;
				CLANG_WARN_SUSPICIOUS_MOVE = YES;
				CLANG_WARN_UNGUARDED_AVAILABILITY = YES_AGGRESSIVE;
				CLANG_WARN_UNREACHABLE_CODE = YES;
				CLANG_WARN__DUPLICATE_METHOD_MATCH = YES;
				COPY_PHASE_STRIP = NO;
				DEBUG_INFORMATION_FORMAT = dwarf;
				ENABLE_STRICT_OBJC_MSGSEND = YES;
				ENABLE_TESTABILITY = YES;
				GCC_C_LANGUAGE_STANDARD = gnu11;
				GCC_DYNAMIC_NO_PIC = NO;
				GCC_NO_COMMON_BLOCKS = YES;
				GCC_OPTIMIZATION_LEVEL = 0;
				GCC_PREPROCESSOR_DEFINITIONS = (
					"DEBUG=1",
					"$(inherited)",
				);
				GCC_WARN_64_TO_32_BIT_CONVERSION = YES;
				GCC_WARN_ABOUT_RETURN_TYPE = YES_ERROR;
				GCC_WARN_UNDECLARED_SELECTOR = YES;
				GCC_WARN_UNINITIALIZED_AUTOS = YES_AGGRESSIVE;
				GCC_WARN_UNUSED_FUNCTION = YES;
				GCC_WARN_UNUSED_VARIABLE = YES;
				IPHONEOS_DEPLOYMENT_TARGET = 13.1;
				MTL_ENABLE_DEBUG_INFO = INCLUDE_SOURCE;
				MTL_FAST_MATH = YES;
				ONLY_ACTIVE_ARCH = YES;
				SDKROOT = iphoneos;
				SWIFT_ACTIVE_COMPILATION_CONDITIONS = DEBUG;
				SWIFT_OPTIMIZATION_LEVEL = "-Onone";
			};
			name = Debug;
		};
		C089697423F0C2C8009D9FE7 /* Release */ = {
			isa = XCBuildConfiguration;
			buildSettings = {
				ALWAYS_SEARCH_USER_PATHS = NO;
				CLANG_ANALYZER_NONNULL = YES;
				CLANG_ANALYZER_NUMBER_OBJECT_CONVERSION = YES_AGGRESSIVE;
				CLANG_CXX_LANGUAGE_STANDARD = "gnu++14";
				CLANG_CXX_LIBRARY = "libc++";
				CLANG_ENABLE_MODULES = YES;
				CLANG_ENABLE_OBJC_ARC = YES;
				CLANG_ENABLE_OBJC_WEAK = YES;
				CLANG_WARN_BLOCK_CAPTURE_AUTORELEASING = YES;
				CLANG_WARN_BOOL_CONVERSION = YES;
				CLANG_WARN_COMMA = YES;
				CLANG_WARN_CONSTANT_CONVERSION = YES;
				CLANG_WARN_DEPRECATED_OBJC_IMPLEMENTATIONS = YES;
				CLANG_WARN_DIRECT_OBJC_ISA_USAGE = YES_ERROR;
				CLANG_WARN_DOCUMENTATION_COMMENTS = YES;
				CLANG_WARN_EMPTY_BODY = YES;
				CLANG_WARN_ENUM_CONVERSION = YES;
				CLANG_WARN_INFINITE_RECURSION = YES;
				CLANG_WARN_INT_CONVERSION = YES;
				CLANG_WARN_NON_LITERAL_NULL_CONVERSION = YES;
				CLANG_WARN_OBJC_IMPLICIT_RETAIN_SELF = YES;
				CLANG_WARN_OBJC_LITERAL_CONVERSION = YES;
				CLANG_WARN_OBJC_ROOT_CLASS = YES_ERROR;
				CLANG_WARN_RANGE_LOOP_ANALYSIS = YES;
				CLANG_WARN_STRICT_PROTOTYPES = YES;
				CLANG_WARN_SUSPICIOUS_MOVE = YES;
				CLANG_WARN_UNGUARDED_AVAILABILITY = YES_AGGRESSIVE;
				CLANG_WARN_UNREACHABLE_CODE = YES;
				CLANG_WARN__DUPLICATE_METHOD_MATCH = YES;
				COPY_PHASE_STRIP = NO;
				DEBUG_INFORMATION_FORMAT = "dwarf-with-dsym";
				ENABLE_NS_ASSERTIONS = NO;
				ENABLE_STRICT_OBJC_MSGSEND = YES;
				GCC_C_LANGUAGE_STANDARD = gnu11;
				GCC_NO_COMMON_BLOCKS = YES;
				GCC_WARN_64_TO_32_BIT_CONVERSION = YES;
				GCC_WARN_ABOUT_RETURN_TYPE = YES_ERROR;
				GCC_WARN_UNDECLARED_SELECTOR = YES;
				GCC_WARN_UNINITIALIZED_AUTOS = YES_AGGRESSIVE;
				GCC_WARN_UNUSED_FUNCTION = YES;
				GCC_WARN_UNUSED_VARIABLE = YES;
				IPHONEOS_DEPLOYMENT_TARGET = 13.1;
				MTL_ENABLE_DEBUG_INFO = NO;
				MTL_FAST_MATH = YES;
				SDKROOT = iphoneos;
				SWIFT_COMPILATION_MODE = wholemodule;
				SWIFT_OPTIMIZATION_LEVEL = "-O";
				VALIDATE_PRODUCT = YES;
			};
			name = Release;
		};
		C089697623F0C2C8009D9FE7 /* Debug */ = {
			isa = XCBuildConfiguration;
			buildSettings = {
				ASSETCATALOG_COMPILER_APPICON_NAME = AppIcon;
				CODE_SIGN_STYLE = Automatic;
				DEVELOPMENT_TEAM = 74Y36QZ2V7;
				INFOPLIST_FILE = SupportProject/Info.plist;
				LD_RUNPATH_SEARCH_PATHS = (
					"$(inherited)",
					"@executable_path/Frameworks",
				);
				PRODUCT_BUNDLE_IDENTIFIER = avalosha.SupportProject;
				PRODUCT_NAME = "$(TARGET_NAME)";
				SWIFT_VERSION = 5.0;
				TARGETED_DEVICE_FAMILY = "1,2";
			};
			name = Debug;
		};
		C089697723F0C2C8009D9FE7 /* Release */ = {
			isa = XCBuildConfiguration;
			buildSettings = {
				ASSETCATALOG_COMPILER_APPICON_NAME = AppIcon;
				CODE_SIGN_STYLE = Automatic;
				DEVELOPMENT_TEAM = 74Y36QZ2V7;
				INFOPLIST_FILE = SupportProject/Info.plist;
				LD_RUNPATH_SEARCH_PATHS = (
					"$(inherited)",
					"@executable_path/Frameworks",
				);
				PRODUCT_BUNDLE_IDENTIFIER = avalosha.SupportProject;
				PRODUCT_NAME = "$(TARGET_NAME)";
				SWIFT_VERSION = 5.0;
				TARGETED_DEVICE_FAMILY = "1,2";
			};
			name = Release;
		};
		C089697923F0C2C8009D9FE7 /* Debug */ = {
			isa = XCBuildConfiguration;
			buildSettings = {
				ALWAYS_EMBED_SWIFT_STANDARD_LIBRARIES = YES;
				BUNDLE_LOADER = "$(TEST_HOST)";
				CODE_SIGN_STYLE = Automatic;
				DEVELOPMENT_TEAM = 74Y36QZ2V7;
				INFOPLIST_FILE = SupportProjectTests/Info.plist;
				IPHONEOS_DEPLOYMENT_TARGET = 13.1;
				LD_RUNPATH_SEARCH_PATHS = (
					"$(inherited)",
					"@executable_path/Frameworks",
					"@loader_path/Frameworks",
				);
				PRODUCT_BUNDLE_IDENTIFIER = avalosha.SupportProjectTests;
				PRODUCT_NAME = "$(TARGET_NAME)";
				SWIFT_VERSION = 5.0;
				TARGETED_DEVICE_FAMILY = "1,2";
				TEST_HOST = "$(BUILT_PRODUCTS_DIR)/SupportProject.app/SupportProject";
			};
			name = Debug;
		};
		C089697A23F0C2C8009D9FE7 /* Release */ = {
			isa = XCBuildConfiguration;
			buildSettings = {
				ALWAYS_EMBED_SWIFT_STANDARD_LIBRARIES = YES;
				BUNDLE_LOADER = "$(TEST_HOST)";
				CODE_SIGN_STYLE = Automatic;
				DEVELOPMENT_TEAM = 74Y36QZ2V7;
				INFOPLIST_FILE = SupportProjectTests/Info.plist;
				IPHONEOS_DEPLOYMENT_TARGET = 13.1;
				LD_RUNPATH_SEARCH_PATHS = (
					"$(inherited)",
					"@executable_path/Frameworks",
					"@loader_path/Frameworks",
				);
				PRODUCT_BUNDLE_IDENTIFIER = avalosha.SupportProjectTests;
				PRODUCT_NAME = "$(TARGET_NAME)";
				SWIFT_VERSION = 5.0;
				TARGETED_DEVICE_FAMILY = "1,2";
				TEST_HOST = "$(BUILT_PRODUCTS_DIR)/SupportProject.app/SupportProject";
			};
			name = Release;
		};
		C089697C23F0C2C8009D9FE7 /* Debug */ = {
			isa = XCBuildConfiguration;
			buildSettings = {
				ALWAYS_EMBED_SWIFT_STANDARD_LIBRARIES = YES;
				CODE_SIGN_STYLE = Automatic;
				DEVELOPMENT_TEAM = 74Y36QZ2V7;
				INFOPLIST_FILE = SupportProjectUITests/Info.plist;
				LD_RUNPATH_SEARCH_PATHS = (
					"$(inherited)",
					"@executable_path/Frameworks",
					"@loader_path/Frameworks",
				);
				PRODUCT_BUNDLE_IDENTIFIER = avalosha.SupportProjectUITests;
				PRODUCT_NAME = "$(TARGET_NAME)";
				SWIFT_VERSION = 5.0;
				TARGETED_DEVICE_FAMILY = "1,2";
				TEST_TARGET_NAME = SupportProject;
			};
			name = Debug;
		};
		C089697D23F0C2C8009D9FE7 /* Release */ = {
			isa = XCBuildConfiguration;
			buildSettings = {
				ALWAYS_EMBED_SWIFT_STANDARD_LIBRARIES = YES;
				CODE_SIGN_STYLE = Automatic;
				DEVELOPMENT_TEAM = 74Y36QZ2V7;
				INFOPLIST_FILE = SupportProjectUITests/Info.plist;
				LD_RUNPATH_SEARCH_PATHS = (
					"$(inherited)",
					"@executable_path/Frameworks",
					"@loader_path/Frameworks",
				);
				PRODUCT_BUNDLE_IDENTIFIER = avalosha.SupportProjectUITests;
				PRODUCT_NAME = "$(TARGET_NAME)";
				SWIFT_VERSION = 5.0;
				TARGETED_DEVICE_FAMILY = "1,2";
				TEST_TARGET_NAME = SupportProject;
			};
			name = Release;
		};
/* End XCBuildConfiguration section */

/* Begin XCConfigurationList section */
		C089694623F0C0BF009D9FE7 /* Build configuration list for PBXProject "SupportProject" */ = {
			isa = XCConfigurationList;
			buildConfigurations = (
				C089697323F0C2C8009D9FE7 /* Debug */,
				C089697423F0C2C8009D9FE7 /* Release */,
			);
			defaultConfigurationIsVisible = 0;
			defaultConfigurationName = Release;
		};
		C089697523F0C2C8009D9FE7 /* Build configuration list for PBXNativeTarget "SupportProject" */ = {
			isa = XCConfigurationList;
			buildConfigurations = (
				C089697623F0C2C8009D9FE7 /* Debug */,
				C089697723F0C2C8009D9FE7 /* Release */,
			);
			defaultConfigurationIsVisible = 0;
			defaultConfigurationName = Release;
		};
		C089697823F0C2C8009D9FE7 /* Build configuration list for PBXNativeTarget "SupportProjectTests" */ = {
			isa = XCConfigurationList;
			buildConfigurations = (
				C089697923F0C2C8009D9FE7 /* Debug */,
				C089697A23F0C2C8009D9FE7 /* Release */,
			);
			defaultConfigurationIsVisible = 0;
			defaultConfigurationName = Release;
		};
		C089697B23F0C2C8009D9FE7 /* Build configuration list for PBXNativeTarget "SupportProjectUITests" */ = {
			isa = XCConfigurationList;
			buildConfigurations = (
				C089697C23F0C2C8009D9FE7 /* Debug */,
				C089697D23F0C2C8009D9FE7 /* Release */,
			);
			defaultConfigurationIsVisible = 0;
			defaultConfigurationName = Release;
		};
/* End XCConfigurationList section */
	};
	rootObject = C089694323F0C0BB009D9FE7 /* Project object */;
}
